
Microsoft Visual Studio Solution File, Format Version 12.00
# Visual Studio Version 16
VisualStudioVersion = 16.0.30611.23
MinimumVisualStudioVersion = 10.0.40219.1
Project("{FAE04EC0-301F-11D3-BF4B-00C04F79EFBC}") = "Visma", "Visma\Visma.csproj", "{E2A3211A-87EA-4942-B0FE-8C84D17DF46A}"
EndProject
Global
	GlobalSection(SolutionConfigurationPlatforms) = preSolution
		Debug|Any CPU = Debug|Any CPU
		Release|Any CPU = Release|Any CPU
	EndGlobalSection
	GlobalSection(ProjectConfigurationPlatforms) = postSolution
		{E2A3211A-87EA-4942-B0FE-8C84D17DF46A}.Debug|Any CPU.ActiveCfg = Debug|Any CPU
		{E2A3211A-87EA-4942-B0FE-8C84D17DF46A}.Debug|Any CPU.Build.0 = Debug|Any CPU
		{E2A3211A-87EA-4942-B0FE-8C84D17DF46A}.Release|Any CPU.ActiveCfg = Release|Any CPU
		{E2A3211A-87EA-4942-B0FE-8C84D17DF46A}.Release|Any CPU.Build.0 = Release|Any CPU
	EndGlobalSection
	GlobalSection(SolutionProperties) = preSolution
		HideSolutionNode = FALSE
	EndGlobalSection
	GlobalSection(ExtensibilityGlobals) = postSolution
		SolutionGuid = {6D4FB355-C7A3-4D4B-9F53-F39623289049}
	EndGlobalSection
EndGlobal
